
Microsoft Visual Studio Solution File, Format Version 12.00
# Visual Studio 15
VisualStudioVersion = 15.0.28307.136
MinimumVisualStudioVersion = 10.0.40219.1
Project("{FAE04EC0-301F-11D3-BF4B-00C04F79EFBC}") = "FWRun", "FWRun\FWRun.csproj", "{0615F2B3-C43E-41CE-BC9C-B95387B91187}"
EndProject
Project("{FAE04EC0-301F-11D3-BF4B-00C04F79EFBC}") = "PageObjects", "PageObjects\PageObjects.csproj", "{8AAE9224-9019-4C17-AC80-EFD83E20E167}"
EndProject
Global
	GlobalSection(SolutionConfigurationPlatforms) = preSolution
		Debug|Any CPU = Debug|Any CPU
		Release|Any CPU = Release|Any CPU
	EndGlobalSection
	GlobalSection(ProjectConfigurationPlatforms) = postSolution
		{0615F2B3-C43E-41CE-BC9C-B95387B91187}.Debug|Any CPU.ActiveCfg = Debug|Any CPU
		{0615F2B3-C43E-41CE-BC9C-B95387B91187}.Debug|Any CPU.Build.0 = Debug|Any CPU
		{0615F2B3-C43E-41CE-BC9C-B95387B91187}.Release|Any CPU.ActiveCfg = Release|Any CPU
		{0615F2B3-C43E-41CE-BC9C-B95387B91187}.Release|Any CPU.Build.0 = Release|Any CPU
		{8AAE9224-9019-4C17-AC80-EFD83E20E167}.Debug|Any CPU.ActiveCfg = Debug|Any CPU
		{8AAE9224-9019-4C17-AC80-EFD83E20E167}.Debug|Any CPU.Build.0 = Debug|Any CPU
		{8AAE9224-9019-4C17-AC80-EFD83E20E167}.Release|Any CPU.ActiveCfg = Release|Any CPU
		{8AAE9224-9019-4C17-AC80-EFD83E20E167}.Release|Any CPU.Build.0 = Release|Any CPU
	EndGlobalSection
	GlobalSection(SolutionProperties) = preSolution
		HideSolutionNode = FALSE
	EndGlobalSection
	GlobalSection(ExtensibilityGlobals) = postSolution
		SolutionGuid = {CFEDB9DB-006E-4C7B-9D15-D12CB0B5C882}
	EndGlobalSection
EndGlobal
